
Microsoft Visual Studio Solution File, Format Version 12.00
# Visual Studio Version 16
VisualStudioVersion = 16.0.31729.503
MinimumVisualStudioVersion = 10.0.40219.1
Project("{8BC9CEB8-8B4A-11D0-8D11-00A0C91BC942}") = "AndrésPérez_Practica2", "AndrésPérez_Practicas.vcxproj", "{55E83398-0280-456D-8714-B01B6CC55A6A}"
EndProject
Project("{8BC9CEB8-8B4A-11D0-8D11-00A0C91BC942}") = "AndrésPérez_Practica1", "..\AndrésPérez_Practica1\AndrésPérez_Practica1.vcxproj", "{9AE9BA4C-3960-41DE-81CD-F8BA021E9430}"
EndProject
Project("{8BC9CEB8-8B4A-11D0-8D11-00A0C91BC942}") = "AndrésPérez_Practica3", "..\AndrésPérez_Practica3\AndrésPérez_Practica3.vcxproj", "{23EA3DAA-090B-468B-A3A6-B9A7D1EED763}"
EndProject
Project("{8BC9CEB8-8B4A-11D0-8D11-00A0C91BC942}") = "AndrésPérez_Practica4", "..\AndrésPérez_Practica4\AndrésPérez_Practica4.vcxproj", "{5043F870-B014-4276-9FCB-B225D53D4E14}"
EndProject
Project("{8BC9CEB8-8B4A-11D0-8D11-00A0C91BC942}") = "AndrésPérez_Practica6", "..\AndrésPérez_Practica6\AndrésPérez_Practica6.vcxproj", "{67BA1C93-FB0E-4C4C-BD90-6F42F879E3F9}"
EndProject
Project("{8BC9CEB8-8B4A-11D0-8D11-00A0C91BC942}") = "AndrésPérez_Practica5y7", "..\AndrésPérez_Practica5y7\AndrésPérez_Practica5y7.vcxproj", "{0F415B1B-7C1B-4FEF-83FA-16F77C97914D}"
EndProject
Project("{8BC9CEB8-8B4A-11D0-8D11-00A0C91BC942}") = "AndrésPérez_Practica8", "..\AndrésPérez_Practica8\AndrésPérez_Practica8.vcxproj", "{550972AE-E88B-4943-BF5D-F25DF51F5BD1}"
EndProject
Project("{8BC9CEB8-8B4A-11D0-8D11-00A0C91BC942}") = "AndrésPérez_Practica9,10y11", "..\AndrésPérez_Practica9\AndrésPérez_Practica9.vcxproj", "{80713A47-8FA4-48B2-8CFC-039DF8519AE3}"
EndProject
Project("{8BC9CEB8-8B4A-11D0-8D11-00A0C91BC942}") = "AndrésPérez_Practica13", "..\AndrésPérez_Practica13\AndrésPérez_Practica13.vcxproj", "{29F57423-33B9-4F40-A593-DC0FB3227BA9}"
EndProject
Project("{8BC9CEB8-8B4A-11D0-8D11-00A0C91BC942}") = "AndrésPérez_Practica14", "..\AndrésPérez_Practica14\AndrésPérez_Practica14.vcxproj", "{3F799010-FF75-4A69-A84B-9BDF1F6DD6B3}"
EndProject
Project("{8BC9CEB8-8B4A-11D0-8D11-00A0C91BC942}") = "AndrésPérez_Practica16", "..\AndrésPérez_Practica16\AndrésPérez_Practica16.vcxproj", "{BF2DE82B-D190-4FEF-97B6-2902C804F154}"
EndProject
Global
	GlobalSection(SolutionConfigurationPlatforms) = preSolution
		Debug|x64 = Debug|x64
		Debug|x86 = Debug|x86
		Release|x64 = Release|x64
		Release|x86 = Release|x86
	EndGlobalSection
	GlobalSection(ProjectConfigurationPlatforms) = postSolution
		{55E83398-0280-456D-8714-B01B6CC55A6A}.Debug|x64.ActiveCfg = Debug|x64
		{55E83398-0280-456D-8714-B01B6CC55A6A}.Debug|x64.Build.0 = Debug|x64
		{55E83398-0280-456D-8714-B01B6CC55A6A}.Debug|x86.ActiveCfg = Debug|Win32
		{55E83398-0280-456D-8714-B01B6CC55A6A}.Debug|x86.Build.0 = Debug|Win32
		{55E83398-0280-456D-8714-B01B6CC55A6A}.Release|x64.ActiveCfg = Release|x64
		{55E83398-0280-456D-8714-B01B6CC55A6A}.Release|x64.Build.0 = Release|x64
		{55E83398-0280-456D-8714-B01B6CC55A6A}.Release|x86.ActiveCfg = Release|Win32
		{55E83398-0280-456D-8714-B01B6CC55A6A}.Release|x86.Build.0 = Release|Win32
		{9AE9BA4C-3960-41DE-81CD-F8BA021E9430}.Debug|x64.ActiveCfg = Debug|x64
		{9AE9BA4C-3960-41DE-81CD-F8BA021E9430}.Debug|x64.Build.0 = Debug|x64
		{9AE9BA4C-3960-41DE-81CD-F8BA021E9430}.Debug|x86.ActiveCfg = Debug|Win32
		{9AE9BA4C-3960-41DE-81CD-F8BA021E9430}.Debug|x86.Build.0 = Debug|Win32
		{9AE9BA4C-3960-41DE-81CD-F8BA021E9430}.Release|x64.ActiveCfg = Release|x64
		{9AE9BA4C-3960-41DE-81CD-F8BA021E9430}.Release|x64.Build.0 = Release|x64
		{9AE9BA4C-3960-41DE-81CD-F8BA021E9430}.Release|x86.ActiveCfg = Release|Win32
		{9AE9BA4C-3960-41DE-81CD-F8BA021E9430}.Release|x86.Build.0 = Release|Win32
		{23EA3DAA-090B-468B-A3A6-B9A7D1EED763}.Debug|x64.ActiveCfg = Debug|x64
		{23EA3DAA-090B-468B-A3A6-B9A7D1EED763}.Debug|x64.Build.0 = Debug|x64
		{23EA3DAA-090B-468B-A3A6-B9A7D1EED763}.Debug|x86.ActiveCfg = Debug|Win32
		{23EA3DAA-090B-468B-A3A6-B9A7D1EED763}.Debug|x86.Build.0 = Debug|Win32
		{23EA3DAA-090B-468B-A3A6-B9A7D1EED763}.Release|x64.ActiveCfg = Release|x64
		{23EA3DAA-090B-468B-A3A6-B9A7D1EED763}.Release|x64.Build.0 = Release|x64
		{23EA3DAA-090B-468B-A3A6-B9A7D1EED763}.Release|x86.ActiveCfg = Release|Win32
		{23EA3DAA-090B-468B-A3A6-B9A7D1EED763}.Release|x86.Build.0 = Release|Win32
		{5043F870-B014-4276-9FCB-B225D53D4E14}.Debug|x64.ActiveCfg = Debug|x64
		{5043F870-B014-4276-9FCB-B225D53D4E14}.Debug|x64.Build.0 = Debug|x64
		{5043F870-B014-4276-9FCB-B225D53D4E14}.Debug|x86.ActiveCfg = Debug|Win32
		{5043F870-B014-4276-9FCB-B225D53D4E14}.Debug|x86.Build.0 = Debug|Win32
		{5043F870-B014-4276-9FCB-B225D53D4E14}.Release|x64.ActiveCfg = Release|x64
		{5043F870-B014-4276-9FCB-B225D53D4E14}.Release|x64.Build.0 = Release|x64
		{5043F870-B014-4276-9FCB-B225D53D4E14}.Release|x86.ActiveCfg = Release|Win32
		{5043F870-B014-4276-9FCB-B225D53D4E14}.Release|x86.Build.0 = Release|Win32
		{67BA1C93-FB0E-4C4C-BD90-6F42F879E3F9}.Debug|x64.ActiveCfg = Debug|x64
		{67BA1C93-FB0E-4C4C-BD90-6F42F879E3F9}.Debug|x64.Build.0 = Debug|x64
		{67BA1C93-FB0E-4C4C-BD90-6F42F879E3F9}.Debug|x86.ActiveCfg = Debug|Win32
		{67BA1C93-FB0E-4C4C-BD90-6F42F879E3F9}.Debug|x86.Build.0 = Debug|Win32
		{67BA1C93-FB0E-4C4C-BD90-6F42F879E3F9}.Release|x64.ActiveCfg = Release|x64
		{67BA1C93-FB0E-4C4C-BD90-6F42F879E3F9}.Release|x64.Build.0 = Release|x64
		{67BA1C93-FB0E-4C4C-BD90-6F42F879E3F9}.Release|x86.ActiveCfg = Release|Win32
		{67BA1C93-FB0E-4C4C-BD90-6F42F879E3F9}.Release|x86.Build.0 = Release|Win32
		{0F415B1B-7C1B-4FEF-83FA-16F77C97914D}.Debug|x64.ActiveCfg = Debug|x64
		{0F415B1B-7C1B-4FEF-83FA-16F77C97914D}.Debug|x64.Build.0 = Debug|x64
		{0F415B1B-7C1B-4FEF-83FA-16F77C97914D}.Debug|x86.ActiveCfg = Debug|Win32
		{0F415B1B-7C1B-4FEF-83FA-16F77C97914D}.Debug|x86.Build.0 = Debug|Win32
		{0F415B1B-7C1B-4FEF-83FA-16F77C97914D}.Release|x64.ActiveCfg = Release|x64
		{0F415B1B-7C1B-4FEF-83FA-16F77C97914D}.Release|x64.Build.0 = Release|x64
		{0F415B1B-7C1B-4FEF-83FA-16F77C97914D}.Release|x86.ActiveCfg = Release|Win32
		{0F415B1B-7C1B-4FEF-83FA-16F77C97914D}.Release|x86.Build.0 = Release|Win32
		{550972AE-E88B-4943-BF5D-F25DF51F5BD1}.Debug|x64.ActiveCfg = Debug|x64
		{550972AE-E88B-4943-BF5D-F25DF51F5BD1}.Debug|x64.Build.0 = Debug|x64
		{550972AE-E88B-4943-BF5D-F25DF51F5BD1}.Debug|x86.ActiveCfg = Debug|Win32
		{550972AE-E88B-4943-BF5D-F25DF51F5BD1}.Debug|x86.Build.0 = Debug|Win32
		{550972AE-E88B-4943-BF5D-F25DF51F5BD1}.Release|x64.ActiveCfg = Release|x64
		{550972AE-E88B-4943-BF5D-F25DF51F5BD1}.Release|x64.Build.0 = Release|x64
		{550972AE-E88B-4943-BF5D-F25DF51F5BD1}.Release|x86.ActiveCfg = Release|Win32
		{550972AE-E88B-4943-BF5D-F25DF51F5BD1}.Release|x86.Build.0 = Release|Win32
		{80713A47-8FA4-48B2-8CFC-039DF8519AE3}.Debug|x64.ActiveCfg = Debug|x64
		{80713A47-8FA4-48B2-8CFC-039DF8519AE3}.Debug|x64.Build.0 = Debug|x64
		{80713A47-8FA4-48B2-8CFC-039DF8519AE3}.Debug|x86.ActiveCfg = Debug|Win32
		{80713A47-8FA4-48B2-8CFC-039DF8519AE3}.Debug|x86.Build.0 = Debug|Win32
		{80713A47-8FA4-48B2-8CFC-039DF8519AE3}.Release|x64.ActiveCfg = Release|x64
		{80713A47-8FA4-48B2-8CFC-039DF8519AE3}.Release|x64.Build.0 = Release|x64
		{80713A47-8FA4-48B2-8CFC-039DF8519AE3}.Release|x86.ActiveCfg = Release|Win32
		{80713A47-8FA4-48B2-8CFC-039DF8519AE3}.Release|x86.Build.0 = Release|Win32
		{29F57423-33B9-4F40-A593-DC0FB3227BA9}.Debug|x64.ActiveCfg = Debug|x64
		{29F57423-33B9-4F40-A593-DC0FB3227BA9}.Debug|x64.Build.0 = Debug|x64
		{29F57423-33B9-4F40-A593-DC0FB3227BA9}.Debug|x86.ActiveCfg = Debug|Win32
		{29F57423-33B9-4F40-A593-DC0FB3227BA9}.Debug|x86.Build.0 = Debug|Win32
		{29F57423-33B9-4F40-A593-DC0FB3227BA9}.Release|x64.ActiveCfg = Release|x64
		{29F57423-33B9-4F40-A593-DC0FB3227BA9}.Release|x64.Build.0 = Release|x64
		{29F57423-33B9-4F40-A593-DC0FB3227BA9}.Release|x86.ActiveCfg = Release|Win32
		{29F57423-33B9-4F40-A593-DC0FB3227BA9}.Release|x86.Build.0 = Release|Win32
		{3F799010-FF75-4A69-A84B-9BDF1F6DD6B3}.Debug|x64.ActiveCfg = Debug|x64
		{3F799010-FF75-4A69-A84B-9BDF1F6DD6B3}.Debug|x64.Build.0 = Debug|x64
		{3F799010-FF75-4A69-A84B-9BDF1F6DD6B3}.Debug|x86.ActiveCfg = Debug|Win32
		{3F799010-FF75-4A69-A84B-9BDF1F6DD6B3}.Debug|x86.Build.0 = Debug|Win32
		{3F799010-FF75-4A69-A84B-9BDF1F6DD6B3}.Release|x64.ActiveCfg = Release|x64
		{3F799010-FF75-4A69-A84B-9BDF1F6DD6B3}.Release|x64.Build.0 = Release|x64
		{3F799010-FF75-4A69-A84B-9BDF1F6DD6B3}.Release|x86.ActiveCfg = Release|Win32
		{3F799010-FF75-4A69-A84B-9BDF1F6DD6B3}.Release|x86.Build.0 = Release|Win32
		{BF2DE82B-D190-4FEF-97B6-2902C804F154}.Debug|x64.ActiveCfg = Debug|x64
		{BF2DE82B-D190-4FEF-97B6-2902C804F154}.Debug|x64.Build.0 = Debug|x64
		{BF2DE82B-D190-4FEF-97B6-2902C804F154}.Debug|x86.ActiveCfg = Debug|Win32
		{BF2DE82B-D190-4FEF-97B6-2902C804F154}.Debug|x86.Build.0 = Debug|Win32
		{BF2DE82B-D190-4FEF-97B6-2902C804F154}.Release|x64.ActiveCfg = Release|x64
		{BF2DE82B-D190-4FEF-97B6-2902C804F154}.Release|x64.Build.0 = Release|x64
		{BF2DE82B-D190-4FEF-97B6-2902C804F154}.Release|x86.ActiveCfg = Release|Win32
		{BF2DE82B-D190-4FEF-97B6-2902C804F154}.Release|x86.Build.0 = Release|Win32
	EndGlobalSection
	GlobalSection(SolutionProperties) = preSolution
		HideSolutionNode = FALSE
	EndGlobalSection
	GlobalSection(ExtensibilityGlobals) = postSolution
		SolutionGuid = {C6A0A341-94E7-43BF-9FD0-AEE073B70EE5}
	EndGlobalSection
EndGlobal
